
Microsoft Visual Studio Solution File, Format Version 12.00
# Visual Studio 15
VisualStudioVersion = 15.0.26124.0
MinimumVisualStudioVersion = 15.0.26124.0
Project("{FAE04EC0-301F-11D3-BF4B-00C04F79EFBC}") = "App.Api", "Api\App.Api.csproj", "{AD0B38E8-48BC-466D-A297-F46985B4DEFA}"
EndProject
Project("{FAE04EC0-301F-11D3-BF4B-00C04F79EFBC}") = "App.Infrastructure", "Infrastructure\App.Infrastructure.csproj", "{3D26E3E5-6527-49B2-AF25-E000BD87D59C}"
EndProject
Project("{FAE04EC0-301F-11D3-BF4B-00C04F79EFBC}") = "App.Core", "Core\App.Core.csproj", "{2AE381E6-B7DC-415D-B909-DAF009690607}"
EndProject
Global
	GlobalSection(SolutionProperties) = preSolution
		HideSolutionNode = FALSE
	EndGlobalSection
	GlobalSection(SolutionConfigurationPlatforms) = preSolution
		Debug|Any CPU = Debug|Any CPU
		Debug|x64 = Debug|x64
		Debug|x86 = Debug|x86
		Release|Any CPU = Release|Any CPU
		Release|x64 = Release|x64
		Release|x86 = Release|x86
	EndGlobalSection
	GlobalSection(ProjectConfigurationPlatforms) = postSolution
		{AD0B38E8-48BC-466D-A297-F46985B4DEFA}.Debug|Any CPU.ActiveCfg = Debug|Any CPU
		{AD0B38E8-48BC-466D-A297-F46985B4DEFA}.Debug|Any CPU.Build.0 = Debug|Any CPU
		{AD0B38E8-48BC-466D-A297-F46985B4DEFA}.Debug|x64.ActiveCfg = Debug|Any CPU
		{AD0B38E8-48BC-466D-A297-F46985B4DEFA}.Debug|x64.Build.0 = Debug|Any CPU
		{AD0B38E8-48BC-466D-A297-F46985B4DEFA}.Debug|x86.ActiveCfg = Debug|Any CPU
		{AD0B38E8-48BC-466D-A297-F46985B4DEFA}.Debug|x86.Build.0 = Debug|Any CPU
		{AD0B38E8-48BC-466D-A297-F46985B4DEFA}.Release|Any CPU.ActiveCfg = Release|Any CPU
		{AD0B38E8-48BC-466D-A297-F46985B4DEFA}.Release|Any CPU.Build.0 = Release|Any CPU
		{AD0B38E8-48BC-466D-A297-F46985B4DEFA}.Release|x64.ActiveCfg = Release|Any CPU
		{AD0B38E8-48BC-466D-A297-F46985B4DEFA}.Release|x64.Build.0 = Release|Any CPU
		{AD0B38E8-48BC-466D-A297-F46985B4DEFA}.Release|x86.ActiveCfg = Release|Any CPU
		{AD0B38E8-48BC-466D-A297-F46985B4DEFA}.Release|x86.Build.0 = Release|Any CPU
		{3D26E3E5-6527-49B2-AF25-E000BD87D59C}.Debug|Any CPU.ActiveCfg = Debug|Any CPU
		{3D26E3E5-6527-49B2-AF25-E000BD87D59C}.Debug|Any CPU.Build.0 = Debug|Any CPU
		{3D26E3E5-6527-49B2-AF25-E000BD87D59C}.Debug|x64.ActiveCfg = Debug|Any CPU
		{3D26E3E5-6527-49B2-AF25-E000BD87D59C}.Debug|x64.Build.0 = Debug|Any CPU
		{3D26E3E5-6527-49B2-AF25-E000BD87D59C}.Debug|x86.ActiveCfg = Debug|Any CPU
		{3D26E3E5-6527-49B2-AF25-E000BD87D59C}.Debug|x86.Build.0 = Debug|Any CPU
		{3D26E3E5-6527-49B2-AF25-E000BD87D59C}.Release|Any CPU.ActiveCfg = Release|Any CPU
		{3D26E3E5-6527-49B2-AF25-E000BD87D59C}.Release|Any CPU.Build.0 = Release|Any CPU
		{3D26E3E5-6527-49B2-AF25-E000BD87D59C}.Release|x64.ActiveCfg = Release|Any CPU
		{3D26E3E5-6527-49B2-AF25-E000BD87D59C}.Release|x64.Build.0 = Release|Any CPU
		{3D26E3E5-6527-49B2-AF25-E000BD87D59C}.Release|x86.ActiveCfg = Release|Any CPU
		{3D26E3E5-6527-49B2-AF25-E000BD87D59C}.Release|x86.Build.0 = Release|Any CPU
		{2AE381E6-B7DC-415D-B909-DAF009690607}.Debug|Any CPU.ActiveCfg = Debug|Any CPU
		{2AE381E6-B7DC-415D-B909-DAF009690607}.Debug|Any CPU.Build.0 = Debug|Any CPU
		{2AE381E6-B7DC-415D-B909-DAF009690607}.Debug|x64.ActiveCfg = Debug|Any CPU
		{2AE381E6-B7DC-415D-B909-DAF009690607}.Debug|x64.Build.0 = Debug|Any CPU
		{2AE381E6-B7DC-415D-B909-DAF009690607}.Debug|x86.ActiveCfg = Debug|Any CPU
		{2AE381E6-B7DC-415D-B909-DAF009690607}.Debug|x86.Build.0 = Debug|Any CPU
		{2AE381E6-B7DC-415D-B909-DAF009690607}.Release|Any CPU.ActiveCfg = Release|Any CPU
		{2AE381E6-B7DC-415D-B909-DAF009690607}.Release|Any CPU.Build.0 = Release|Any CPU
		{2AE381E6-B7DC-415D-B909-DAF009690607}.Release|x64.ActiveCfg = Release|Any CPU
		{2AE381E6-B7DC-415D-B909-DAF009690607}.Release|x64.Build.0 = Release|Any CPU
		{2AE381E6-B7DC-415D-B909-DAF009690607}.Release|x86.ActiveCfg = Release|Any CPU
		{2AE381E6-B7DC-415D-B909-DAF009690607}.Release|x86.Build.0 = Release|Any CPU
	EndGlobalSection
EndGlobal
