
Microsoft Visual Studio Solution File, Format Version 12.00
# Visual Studio 15
VisualStudioVersion = 15.0.26124.0
MinimumVisualStudioVersion = 15.0.26124.0
Project("{2150E333-8FDC-42A3-9474-1A3956D46DE8}") = "src", "src", "{1D71CC8C-5723-47BB-B38F-8F0054DDC8E7}"
EndProject
Project("{2150E333-8FDC-42A3-9474-1A3956D46DE8}") = "server", "server", "{9174B001-AA52-4228-BD1D-EB5CD4F45A8B}"
EndProject
Project("{FAE04EC0-301F-11D3-BF4B-00C04F79EFBC}") = "Api", "src\server\Api\Api.csproj", "{8C47E40A-6E28-4E49-9148-9129B8007E48}"
EndProject
Project("{FAE04EC0-301F-11D3-BF4B-00C04F79EFBC}") = "Core", "src\server\Core\Core.csproj", "{5AB4D909-6A0E-44BD-9472-5E9AD542F278}"
EndProject
Project("{FAE04EC0-301F-11D3-BF4B-00C04F79EFBC}") = "Infrastructure", "src\server\Infrastructure\Infrastructure.csproj", "{25A48041-7440-4A26-97C5-9B5D53623AF5}"
EndProject
Project("{FAE04EC0-301F-11D3-BF4B-00C04F79EFBC}") = "Services", "src\server\Services\Services.csproj", "{633A42E0-55F7-493F-9559-ECCDF8D3D6E8}"
EndProject
Global
	GlobalSection(SolutionConfigurationPlatforms) = preSolution
		Debug|Any CPU = Debug|Any CPU
		Debug|x64 = Debug|x64
		Debug|x86 = Debug|x86
		Release|Any CPU = Release|Any CPU
		Release|x64 = Release|x64
		Release|x86 = Release|x86
	EndGlobalSection
	GlobalSection(SolutionProperties) = preSolution
		HideSolutionNode = FALSE
	EndGlobalSection
	GlobalSection(ProjectConfigurationPlatforms) = postSolution
		{8C47E40A-6E28-4E49-9148-9129B8007E48}.Debug|Any CPU.ActiveCfg = Debug|Any CPU
		{8C47E40A-6E28-4E49-9148-9129B8007E48}.Debug|Any CPU.Build.0 = Debug|Any CPU
		{8C47E40A-6E28-4E49-9148-9129B8007E48}.Debug|x64.ActiveCfg = Debug|Any CPU
		{8C47E40A-6E28-4E49-9148-9129B8007E48}.Debug|x64.Build.0 = Debug|Any CPU
		{8C47E40A-6E28-4E49-9148-9129B8007E48}.Debug|x86.ActiveCfg = Debug|Any CPU
		{8C47E40A-6E28-4E49-9148-9129B8007E48}.Debug|x86.Build.0 = Debug|Any CPU
		{8C47E40A-6E28-4E49-9148-9129B8007E48}.Release|Any CPU.ActiveCfg = Release|Any CPU
		{8C47E40A-6E28-4E49-9148-9129B8007E48}.Release|Any CPU.Build.0 = Release|Any CPU
		{8C47E40A-6E28-4E49-9148-9129B8007E48}.Release|x64.ActiveCfg = Release|Any CPU
		{8C47E40A-6E28-4E49-9148-9129B8007E48}.Release|x64.Build.0 = Release|Any CPU
		{8C47E40A-6E28-4E49-9148-9129B8007E48}.Release|x86.ActiveCfg = Release|Any CPU
		{8C47E40A-6E28-4E49-9148-9129B8007E48}.Release|x86.Build.0 = Release|Any CPU
		{5AB4D909-6A0E-44BD-9472-5E9AD542F278}.Debug|Any CPU.ActiveCfg = Debug|Any CPU
		{5AB4D909-6A0E-44BD-9472-5E9AD542F278}.Debug|Any CPU.Build.0 = Debug|Any CPU
		{5AB4D909-6A0E-44BD-9472-5E9AD542F278}.Debug|x64.ActiveCfg = Debug|Any CPU
		{5AB4D909-6A0E-44BD-9472-5E9AD542F278}.Debug|x64.Build.0 = Debug|Any CPU
		{5AB4D909-6A0E-44BD-9472-5E9AD542F278}.Debug|x86.ActiveCfg = Debug|Any CPU
		{5AB4D909-6A0E-44BD-9472-5E9AD542F278}.Debug|x86.Build.0 = Debug|Any CPU
		{5AB4D909-6A0E-44BD-9472-5E9AD542F278}.Release|Any CPU.ActiveCfg = Release|Any CPU
		{5AB4D909-6A0E-44BD-9472-5E9AD542F278}.Release|Any CPU.Build.0 = Release|Any CPU
		{5AB4D909-6A0E-44BD-9472-5E9AD542F278}.Release|x64.ActiveCfg = Release|Any CPU
		{5AB4D909-6A0E-44BD-9472-5E9AD542F278}.Release|x64.Build.0 = Release|Any CPU
		{5AB4D909-6A0E-44BD-9472-5E9AD542F278}.Release|x86.ActiveCfg = Release|Any CPU
		{5AB4D909-6A0E-44BD-9472-5E9AD542F278}.Release|x86.Build.0 = Release|Any CPU
		{25A48041-7440-4A26-97C5-9B5D53623AF5}.Debug|Any CPU.ActiveCfg = Debug|Any CPU
		{25A48041-7440-4A26-97C5-9B5D53623AF5}.Debug|Any CPU.Build.0 = Debug|Any CPU
		{25A48041-7440-4A26-97C5-9B5D53623AF5}.Debug|x64.ActiveCfg = Debug|Any CPU
		{25A48041-7440-4A26-97C5-9B5D53623AF5}.Debug|x64.Build.0 = Debug|Any CPU
		{25A48041-7440-4A26-97C5-9B5D53623AF5}.Debug|x86.ActiveCfg = Debug|Any CPU
		{25A48041-7440-4A26-97C5-9B5D53623AF5}.Debug|x86.Build.0 = Debug|Any CPU
		{25A48041-7440-4A26-97C5-9B5D53623AF5}.Release|Any CPU.ActiveCfg = Release|Any CPU
		{25A48041-7440-4A26-97C5-9B5D53623AF5}.Release|Any CPU.Build.0 = Release|Any CPU
		{25A48041-7440-4A26-97C5-9B5D53623AF5}.Release|x64.ActiveCfg = Release|Any CPU
		{25A48041-7440-4A26-97C5-9B5D53623AF5}.Release|x64.Build.0 = Release|Any CPU
		{25A48041-7440-4A26-97C5-9B5D53623AF5}.Release|x86.ActiveCfg = Release|Any CPU
		{25A48041-7440-4A26-97C5-9B5D53623AF5}.Release|x86.Build.0 = Release|Any CPU
		{633A42E0-55F7-493F-9559-ECCDF8D3D6E8}.Debug|Any CPU.ActiveCfg = Debug|Any CPU
		{633A42E0-55F7-493F-9559-ECCDF8D3D6E8}.Debug|Any CPU.Build.0 = Debug|Any CPU
		{633A42E0-55F7-493F-9559-ECCDF8D3D6E8}.Debug|x64.ActiveCfg = Debug|Any CPU
		{633A42E0-55F7-493F-9559-ECCDF8D3D6E8}.Debug|x64.Build.0 = Debug|Any CPU
		{633A42E0-55F7-493F-9559-ECCDF8D3D6E8}.Debug|x86.ActiveCfg = Debug|Any CPU
		{633A42E0-55F7-493F-9559-ECCDF8D3D6E8}.Debug|x86.Build.0 = Debug|Any CPU
		{633A42E0-55F7-493F-9559-ECCDF8D3D6E8}.Release|Any CPU.ActiveCfg = Release|Any CPU
		{633A42E0-55F7-493F-9559-ECCDF8D3D6E8}.Release|Any CPU.Build.0 = Release|Any CPU
		{633A42E0-55F7-493F-9559-ECCDF8D3D6E8}.Release|x64.ActiveCfg = Release|Any CPU
		{633A42E0-55F7-493F-9559-ECCDF8D3D6E8}.Release|x64.Build.0 = Release|Any CPU
		{633A42E0-55F7-493F-9559-ECCDF8D3D6E8}.Release|x86.ActiveCfg = Release|Any CPU
		{633A42E0-55F7-493F-9559-ECCDF8D3D6E8}.Release|x86.Build.0 = Release|Any CPU
	EndGlobalSection
	GlobalSection(NestedProjects) = preSolution
		{9174B001-AA52-4228-BD1D-EB5CD4F45A8B} = {1D71CC8C-5723-47BB-B38F-8F0054DDC8E7}
		{8C47E40A-6E28-4E49-9148-9129B8007E48} = {9174B001-AA52-4228-BD1D-EB5CD4F45A8B}
		{5AB4D909-6A0E-44BD-9472-5E9AD542F278} = {9174B001-AA52-4228-BD1D-EB5CD4F45A8B}
		{25A48041-7440-4A26-97C5-9B5D53623AF5} = {9174B001-AA52-4228-BD1D-EB5CD4F45A8B}
		{633A42E0-55F7-493F-9559-ECCDF8D3D6E8} = {9174B001-AA52-4228-BD1D-EB5CD4F45A8B}
	EndGlobalSection
EndGlobal
